# This file is autogenerated, do not edit; changes may be undone by the next 'dep ensure'.


[[projects]]
  branch = "master"
  digest = "1:211bcf1d62481f6ec9f00cf9474615297f10f5fe7cfd70418b9d69528692c954"
  name = "github.com/glendc/go-external-ip"
  packages = ["."]
  pruneopts = "UT"
  revision = "139229dcdddd5ad18f5c4912fcb905a4079e2a36"

[[projects]]
  branch = "master"
  digest = "1:d193d0292355f8fada46cf77967d64df52ce6e0a757f81a3a1b2626ac77d649d"
  name = "golang.org/x/crypto"
  packages = ["sha3"]
  pruneopts = "UT"
  revision = "8dd112bcdc25174059e45e07517d9fc663123347"

[[projects]]
  branch = "master"
  digest = "1:f05f63172c98e8e485809dde9cd75921846e08ea8c35bb8bc63040384d9f3c6d"
  name = "golang.org/x/sys"
  packages = ["cpu"]
  pruneopts = "UT"
  revision = "b6889370fb1098ed892bd3400d189bb6a3355813"

[solve-meta]
  analyzer-name = "dep"
  analyzer-version = 1
  input-imports = [
    "github.com/glendc/go-external-ip",
    "golang.org/x/crypto/sha3",
  ]
  solver-name = "gps-cdcl"
  solver-version = 1
